
Microsoft Visual Studio Solution File, Format Version 12.00
# Visual Studio Version 16
VisualStudioVersion = 16.0.30114.105
MinimumVisualStudioVersion = 10.0.40219.1
Project("{FAE04EC0-301F-11D3-BF4B-00C04F79EFBC}") = "Tsukiy0.Extensions.Core", "Tsukiy0.Extensions.Core\Tsukiy0.Extensions.Core.csproj", "{18A7934F-142A-4FBD-AB31-4B4E693E1EF7}"
EndProject
Project("{FAE04EC0-301F-11D3-BF4B-00C04F79EFBC}") = "Tsukiy0.Extensions.Core.Tests", "Tsukiy0.Extensions.Core.Tests\Tsukiy0.Extensions.Core.Tests.csproj", "{639B89F3-AC9B-42CE-ADD1-FF834CC7A89C}"
EndProject
Project("{FAE04EC0-301F-11D3-BF4B-00C04F79EFBC}") = "Tsukiy0.Extensions.AspNetCore", "Tsukiy0.Extensions.AspNetCore\Tsukiy0.Extensions.AspNetCore.csproj", "{43D63361-B578-424F-8679-C5AA88BE3657}"
EndProject
Project("{FAE04EC0-301F-11D3-BF4B-00C04F79EFBC}") = "Tsukiy0.Extensions.AspNetCore.Tests", "Tsukiy0.Extensions.AspNetCore.Tests\Tsukiy0.Extensions.AspNetCore.Tests.csproj", "{9DEDB4D1-0236-45BD-91F9-D498DF8575F9}"
EndProject
Project("{FAE04EC0-301F-11D3-BF4B-00C04F79EFBC}") = "Tsukiy0.Extensions.TestBed.AspNetCore", "Tsukiy0.Extensions.TestBed.AspNetCore\Tsukiy0.Extensions.TestBed.AspNetCore.csproj", "{E1831E85-DEAA-4EF3-ABA1-D48DB9546349}"
EndProject
Project("{FAE04EC0-301F-11D3-BF4B-00C04F79EFBC}") = "Tsukiy0.Extensions.Logging", "Tsukiy0.Extensions.Logging\Tsukiy0.Extensions.Logging.csproj", "{F3F7A8DC-33D8-4722-AB74-B27675AB2521}"
EndProject
Project("{FAE04EC0-301F-11D3-BF4B-00C04F79EFBC}") = "Tsukiy0.Extensions.Logging.NLog", "Tsukiy0.Extensions.Logging.NLog\Tsukiy0.Extensions.Logging.NLog.csproj", "{F8015B7C-FF8A-4A79-901E-C60D538ACE52}"
EndProject
Project("{FAE04EC0-301F-11D3-BF4B-00C04F79EFBC}") = "Tsukiy0.Extensions.Logging.NLog.Tests", "Tsukiy0.Extensions.Logging.NLog.Tests\Tsukiy0.Extensions.Logging.NLog.Tests.csproj", "{A01F715E-864E-45F5-9BF2-43CC4CE4A1AC}"
EndProject
Project("{FAE04EC0-301F-11D3-BF4B-00C04F79EFBC}") = "Tsukiy0.Extensions.DependencyInjection", "Tsukiy0.Extensions.DependencyInjection\Tsukiy0.Extensions.DependencyInjection.csproj", "{AF283A4D-0C76-4696-B6F4-2FB32EE363D0}"
EndProject
Project("{FAE04EC0-301F-11D3-BF4B-00C04F79EFBC}") = "Tsukiy0.Extensions.DependencyInjection.Tests", "Tsukiy0.Extensions.DependencyInjection.Tests\Tsukiy0.Extensions.DependencyInjection.Tests.csproj", "{CDF413D6-2BF8-4FB1-A3CF-AB0A93EDAE98}"
EndProject
Project("{FAE04EC0-301F-11D3-BF4B-00C04F79EFBC}") = "Tsukiy0.Extensions.Processor", "Tsukiy0.Extensions.Processor\Tsukiy0.Extensions.Processor.csproj", "{DBEA21C0-E253-4420-8A29-7A97F8079E6E}"
EndProject
Project("{FAE04EC0-301F-11D3-BF4B-00C04F79EFBC}") = "Tsukiy0.Extensions.Processor.Tests", "Tsukiy0.Extensions.Processor.Tests\Tsukiy0.Extensions.Processor.Tests.csproj", "{8762E9FE-D9CA-4F1A-8138-D5B39667C831}"
EndProject
Project("{FAE04EC0-301F-11D3-BF4B-00C04F79EFBC}") = "Tsukiy0.Extensions.Correlation", "Tsukiy0.Extensions.Correlation\Tsukiy0.Extensions.Correlation.csproj", "{CAF1A573-E2CF-4016-9507-BA84D574C53E}"
EndProject
Project("{FAE04EC0-301F-11D3-BF4B-00C04F79EFBC}") = "Tsukiy0.Extensions.Correlation.Tests", "Tsukiy0.Extensions.Correlation.Tests\Tsukiy0.Extensions.Correlation.Tests.csproj", "{26EDC52F-9D7F-465B-BF7F-81D0DEBF29EC}"
EndProject
Project("{FAE04EC0-301F-11D3-BF4B-00C04F79EFBC}") = "Tsukiy0.Extensions.Processor.Aws", "Tsukiy0.Extensions.Processor.Aws\Tsukiy0.Extensions.Processor.Aws.csproj", "{A58FD1F2-B612-4D86-B819-194B52B63FF7}"
EndProject
Project("{FAE04EC0-301F-11D3-BF4B-00C04F79EFBC}") = "Tsukiy0.Extensions.Processor.Aws.Tests", "Tsukiy0.Extensions.Processor.Aws.Tests\Tsukiy0.Extensions.Processor.Aws.Tests.csproj", "{76691838-8FB9-4E61-8401-0B865984B683}"
EndProject
Project("{FAE04EC0-301F-11D3-BF4B-00C04F79EFBC}") = "Tsukiy0.Extensions.Http", "Tsukiy0.Extensions.Http\Tsukiy0.Extensions.Http.csproj", "{8060EC47-3F2D-4552-98B0-E4766450C4C0}"
EndProject
Project("{FAE04EC0-301F-11D3-BF4B-00C04F79EFBC}") = "Tsukiy0.Extensions.Http.Tests", "Tsukiy0.Extensions.Http.Tests\Tsukiy0.Extensions.Http.Tests.csproj", "{C66E910D-A819-4E3C-8F7F-B0E232EE24F3}"
EndProject
Project("{FAE04EC0-301F-11D3-BF4B-00C04F79EFBC}") = "Tsukiy0.Extensions.Json", "Tsukiy0.Extensions.Json\Tsukiy0.Extensions.Json.csproj", "{F03A90BE-CF46-4D78-95F0-753B65F381E6}"
EndProject
Project("{FAE04EC0-301F-11D3-BF4B-00C04F79EFBC}") = "Tsukiy0.Extensions.Json.Tests", "Tsukiy0.Extensions.Json.Tests\Tsukiy0.Extensions.Json.Tests.csproj", "{4F3D083D-4EFD-4B48-B1A3-4C8983D7CA20}"
EndProject
Project("{FAE04EC0-301F-11D3-BF4B-00C04F79EFBC}") = "Tsukiy0.Extensions.Data", "Tsukiy0.Extensions.Data\Tsukiy0.Extensions.Data.csproj", "{129DC9FE-A20C-4E28-AEDF-92DEC872AE9F}"
EndProject
Project("{FAE04EC0-301F-11D3-BF4B-00C04F79EFBC}") = "Tsukiy0.Extensions.Data.Tests", "Tsukiy0.Extensions.Data.Tests\Tsukiy0.Extensions.Data.Tests.csproj", "{C595A6BF-367F-4E21-97D7-5218B5A7890A}"
EndProject
Project("{FAE04EC0-301F-11D3-BF4B-00C04F79EFBC}") = "Tsukiy0.Extensions.Data.Aws", "Tsukiy0.Extensions.Data.Aws\Tsukiy0.Extensions.Data.Aws.csproj", "{D4C78FAE-2213-4840-B98A-26DAF72F5F87}"
EndProject
Project("{FAE04EC0-301F-11D3-BF4B-00C04F79EFBC}") = "Tsukiy0.Extensions.Data.Aws.Tests", "Tsukiy0.Extensions.Data.Aws.Tests\Tsukiy0.Extensions.Data.Aws.Tests.csproj", "{16169055-2771-49CB-B927-24D4AE4865ED}"
EndProject
Project("{FAE04EC0-301F-11D3-BF4B-00C04F79EFBC}") = "Tsukiy0.Extensions.Configuration", "Tsukiy0.Extensions.Configuration\Tsukiy0.Extensions.Configuration.csproj", "{E430BD8A-25C0-47DC-B827-DF13541AA590}"
EndProject
Project("{FAE04EC0-301F-11D3-BF4B-00C04F79EFBC}") = "Tsukiy0.Extensions.Configuration.Tests", "Tsukiy0.Extensions.Configuration.Tests\Tsukiy0.Extensions.Configuration.Tests.csproj", "{A7B5638B-D555-489D-96AE-9F3542FC6D35}"
EndProject
Project("{FAE04EC0-301F-11D3-BF4B-00C04F79EFBC}") = "Tsukiy0.Extensions.Testing", "Tsukiy0.Extensions.Testing\Tsukiy0.Extensions.Testing.csproj", "{7670AD51-6F27-4269-B4EE-B7794D8DD80B}"
EndProject
Project("{FAE04EC0-301F-11D3-BF4B-00C04F79EFBC}") = "Tsukiy0.Extensions.Testing.Tests", "Tsukiy0.Extensions.Testing.Tests\Tsukiy0.Extensions.Testing.Tests.csproj", "{B6092692-FB9C-4C2E-AE74-5E06D87CDE7F}"
EndProject
Project("{FAE04EC0-301F-11D3-BF4B-00C04F79EFBC}") = "Tsukiy0.Extensions.Configuration.Aws", "Tsukiy0.Extensions.Configuration.Aws\Tsukiy0.Extensions.Configuration.Aws.csproj", "{5C7160A0-C007-4471-ADB9-0CB0FF6085A1}"
EndProject
Project("{FAE04EC0-301F-11D3-BF4B-00C04F79EFBC}") = "Tsukiy0.Extensions.Configuration.Aws.Tests", "Tsukiy0.Extensions.Configuration.Aws.Tests\Tsukiy0.Extensions.Configuration.Aws.Tests.csproj", "{90CD22DF-8DD4-416B-BC91-F9014BAF8FB0}"
EndProject
Project("{FAE04EC0-301F-11D3-BF4B-00C04F79EFBC}") = "Tsukiy0.Extensions.Messaging", "Tsukiy0.Extensions.Messaging\Tsukiy0.Extensions.Messaging.csproj", "{82F8D465-A093-4FC7-B406-755B96A2CACC}"
EndProject
Project("{FAE04EC0-301F-11D3-BF4B-00C04F79EFBC}") = "Tsukiy0.Extensions.Messaging.Aws", "Tsukiy0.Extensions.Messaging.Aws\Tsukiy0.Extensions.Messaging.Aws.csproj", "{E950E17F-DBE7-4B43-A093-8BECDCBC9CCB}"
EndProject
Project("{FAE04EC0-301F-11D3-BF4B-00C04F79EFBC}") = "Tsukiy0.Extensions.Messaging.Aws.Tests", "Tsukiy0.Extensions.Messaging.Aws.Tests\Tsukiy0.Extensions.Messaging.Aws.Tests.csproj", "{21F782DE-F6D7-44D3-9EB4-64B16C4C85A1}"
EndProject
Project("{FAE04EC0-301F-11D3-BF4B-00C04F79EFBC}") = "Tsukiy0.Extensions.Messaging.Tests", "Tsukiy0.Extensions.Messaging.Tests\Tsukiy0.Extensions.Messaging.Tests.csproj", "{F4B3684F-81DF-4540-A791-2FC496D394F8}"
EndProject
Global
	GlobalSection(SolutionConfigurationPlatforms) = preSolution
		Debug|Any CPU = Debug|Any CPU
		Debug|x64 = Debug|x64
		Debug|x86 = Debug|x86
		Release|Any CPU = Release|Any CPU
		Release|x64 = Release|x64
		Release|x86 = Release|x86
	EndGlobalSection
	GlobalSection(SolutionProperties) = preSolution
		HideSolutionNode = FALSE
	EndGlobalSection
	GlobalSection(ProjectConfigurationPlatforms) = postSolution
		{18A7934F-142A-4FBD-AB31-4B4E693E1EF7}.Debug|Any CPU.ActiveCfg = Debug|Any CPU
		{18A7934F-142A-4FBD-AB31-4B4E693E1EF7}.Debug|Any CPU.Build.0 = Debug|Any CPU
		{18A7934F-142A-4FBD-AB31-4B4E693E1EF7}.Debug|x64.ActiveCfg = Debug|Any CPU
		{18A7934F-142A-4FBD-AB31-4B4E693E1EF7}.Debug|x64.Build.0 = Debug|Any CPU
		{18A7934F-142A-4FBD-AB31-4B4E693E1EF7}.Debug|x86.ActiveCfg = Debug|Any CPU
		{18A7934F-142A-4FBD-AB31-4B4E693E1EF7}.Debug|x86.Build.0 = Debug|Any CPU
		{18A7934F-142A-4FBD-AB31-4B4E693E1EF7}.Release|Any CPU.ActiveCfg = Release|Any CPU
		{18A7934F-142A-4FBD-AB31-4B4E693E1EF7}.Release|Any CPU.Build.0 = Release|Any CPU
		{18A7934F-142A-4FBD-AB31-4B4E693E1EF7}.Release|x64.ActiveCfg = Release|Any CPU
		{18A7934F-142A-4FBD-AB31-4B4E693E1EF7}.Release|x64.Build.0 = Release|Any CPU
		{18A7934F-142A-4FBD-AB31-4B4E693E1EF7}.Release|x86.ActiveCfg = Release|Any CPU
		{18A7934F-142A-4FBD-AB31-4B4E693E1EF7}.Release|x86.Build.0 = Release|Any CPU
		{639B89F3-AC9B-42CE-ADD1-FF834CC7A89C}.Debug|Any CPU.ActiveCfg = Debug|Any CPU
		{639B89F3-AC9B-42CE-ADD1-FF834CC7A89C}.Debug|Any CPU.Build.0 = Debug|Any CPU
		{639B89F3-AC9B-42CE-ADD1-FF834CC7A89C}.Debug|x64.ActiveCfg = Debug|Any CPU
		{639B89F3-AC9B-42CE-ADD1-FF834CC7A89C}.Debug|x64.Build.0 = Debug|Any CPU
		{639B89F3-AC9B-42CE-ADD1-FF834CC7A89C}.Debug|x86.ActiveCfg = Debug|Any CPU
		{639B89F3-AC9B-42CE-ADD1-FF834CC7A89C}.Debug|x86.Build.0 = Debug|Any CPU
		{639B89F3-AC9B-42CE-ADD1-FF834CC7A89C}.Release|Any CPU.ActiveCfg = Release|Any CPU
		{639B89F3-AC9B-42CE-ADD1-FF834CC7A89C}.Release|Any CPU.Build.0 = Release|Any CPU
		{639B89F3-AC9B-42CE-ADD1-FF834CC7A89C}.Release|x64.ActiveCfg = Release|Any CPU
		{639B89F3-AC9B-42CE-ADD1-FF834CC7A89C}.Release|x64.Build.0 = Release|Any CPU
		{639B89F3-AC9B-42CE-ADD1-FF834CC7A89C}.Release|x86.ActiveCfg = Release|Any CPU
		{639B89F3-AC9B-42CE-ADD1-FF834CC7A89C}.Release|x86.Build.0 = Release|Any CPU
		{43D63361-B578-424F-8679-C5AA88BE3657}.Debug|Any CPU.ActiveCfg = Debug|Any CPU
		{43D63361-B578-424F-8679-C5AA88BE3657}.Debug|Any CPU.Build.0 = Debug|Any CPU
		{43D63361-B578-424F-8679-C5AA88BE3657}.Debug|x64.ActiveCfg = Debug|Any CPU
		{43D63361-B578-424F-8679-C5AA88BE3657}.Debug|x64.Build.0 = Debug|Any CPU
		{43D63361-B578-424F-8679-C5AA88BE3657}.Debug|x86.ActiveCfg = Debug|Any CPU
		{43D63361-B578-424F-8679-C5AA88BE3657}.Debug|x86.Build.0 = Debug|Any CPU
		{43D63361-B578-424F-8679-C5AA88BE3657}.Release|Any CPU.ActiveCfg = Release|Any CPU
		{43D63361-B578-424F-8679-C5AA88BE3657}.Release|Any CPU.Build.0 = Release|Any CPU
		{43D63361-B578-424F-8679-C5AA88BE3657}.Release|x64.ActiveCfg = Release|Any CPU
		{43D63361-B578-424F-8679-C5AA88BE3657}.Release|x64.Build.0 = Release|Any CPU
		{43D63361-B578-424F-8679-C5AA88BE3657}.Release|x86.ActiveCfg = Release|Any CPU
		{43D63361-B578-424F-8679-C5AA88BE3657}.Release|x86.Build.0 = Release|Any CPU
		{9DEDB4D1-0236-45BD-91F9-D498DF8575F9}.Debug|Any CPU.ActiveCfg = Debug|Any CPU
		{9DEDB4D1-0236-45BD-91F9-D498DF8575F9}.Debug|Any CPU.Build.0 = Debug|Any CPU
		{9DEDB4D1-0236-45BD-91F9-D498DF8575F9}.Debug|x64.ActiveCfg = Debug|Any CPU
		{9DEDB4D1-0236-45BD-91F9-D498DF8575F9}.Debug|x64.Build.0 = Debug|Any CPU
		{9DEDB4D1-0236-45BD-91F9-D498DF8575F9}.Debug|x86.ActiveCfg = Debug|Any CPU
		{9DEDB4D1-0236-45BD-91F9-D498DF8575F9}.Debug|x86.Build.0 = Debug|Any CPU
		{9DEDB4D1-0236-45BD-91F9-D498DF8575F9}.Release|Any CPU.ActiveCfg = Release|Any CPU
		{9DEDB4D1-0236-45BD-91F9-D498DF8575F9}.Release|Any CPU.Build.0 = Release|Any CPU
		{9DEDB4D1-0236-45BD-91F9-D498DF8575F9}.Release|x64.ActiveCfg = Release|Any CPU
		{9DEDB4D1-0236-45BD-91F9-D498DF8575F9}.Release|x64.Build.0 = Release|Any CPU
		{9DEDB4D1-0236-45BD-91F9-D498DF8575F9}.Release|x86.ActiveCfg = Release|Any CPU
		{9DEDB4D1-0236-45BD-91F9-D498DF8575F9}.Release|x86.Build.0 = Release|Any CPU
		{E1831E85-DEAA-4EF3-ABA1-D48DB9546349}.Debug|Any CPU.ActiveCfg = Debug|Any CPU
		{E1831E85-DEAA-4EF3-ABA1-D48DB9546349}.Debug|Any CPU.Build.0 = Debug|Any CPU
		{E1831E85-DEAA-4EF3-ABA1-D48DB9546349}.Debug|x64.ActiveCfg = Debug|Any CPU
		{E1831E85-DEAA-4EF3-ABA1-D48DB9546349}.Debug|x64.Build.0 = Debug|Any CPU
		{E1831E85-DEAA-4EF3-ABA1-D48DB9546349}.Debug|x86.ActiveCfg = Debug|Any CPU
		{E1831E85-DEAA-4EF3-ABA1-D48DB9546349}.Debug|x86.Build.0 = Debug|Any CPU
		{E1831E85-DEAA-4EF3-ABA1-D48DB9546349}.Release|Any CPU.ActiveCfg = Release|Any CPU
		{E1831E85-DEAA-4EF3-ABA1-D48DB9546349}.Release|Any CPU.Build.0 = Release|Any CPU
		{E1831E85-DEAA-4EF3-ABA1-D48DB9546349}.Release|x64.ActiveCfg = Release|Any CPU
		{E1831E85-DEAA-4EF3-ABA1-D48DB9546349}.Release|x64.Build.0 = Release|Any CPU
		{E1831E85-DEAA-4EF3-ABA1-D48DB9546349}.Release|x86.ActiveCfg = Release|Any CPU
		{E1831E85-DEAA-4EF3-ABA1-D48DB9546349}.Release|x86.Build.0 = Release|Any CPU
		{F3F7A8DC-33D8-4722-AB74-B27675AB2521}.Debug|Any CPU.ActiveCfg = Debug|Any CPU
		{F3F7A8DC-33D8-4722-AB74-B27675AB2521}.Debug|Any CPU.Build.0 = Debug|Any CPU
		{F3F7A8DC-33D8-4722-AB74-B27675AB2521}.Debug|x64.ActiveCfg = Debug|Any CPU
		{F3F7A8DC-33D8-4722-AB74-B27675AB2521}.Debug|x64.Build.0 = Debug|Any CPU
		{F3F7A8DC-33D8-4722-AB74-B27675AB2521}.Debug|x86.ActiveCfg = Debug|Any CPU
		{F3F7A8DC-33D8-4722-AB74-B27675AB2521}.Debug|x86.Build.0 = Debug|Any CPU
		{F3F7A8DC-33D8-4722-AB74-B27675AB2521}.Release|Any CPU.ActiveCfg = Release|Any CPU
		{F3F7A8DC-33D8-4722-AB74-B27675AB2521}.Release|Any CPU.Build.0 = Release|Any CPU
		{F3F7A8DC-33D8-4722-AB74-B27675AB2521}.Release|x64.ActiveCfg = Release|Any CPU
		{F3F7A8DC-33D8-4722-AB74-B27675AB2521}.Release|x64.Build.0 = Release|Any CPU
		{F3F7A8DC-33D8-4722-AB74-B27675AB2521}.Release|x86.ActiveCfg = Release|Any CPU
		{F3F7A8DC-33D8-4722-AB74-B27675AB2521}.Release|x86.Build.0 = Release|Any CPU
		{F8015B7C-FF8A-4A79-901E-C60D538ACE52}.Debug|Any CPU.ActiveCfg = Debug|Any CPU
		{F8015B7C-FF8A-4A79-901E-C60D538ACE52}.Debug|Any CPU.Build.0 = Debug|Any CPU
		{F8015B7C-FF8A-4A79-901E-C60D538ACE52}.Debug|x64.ActiveCfg = Debug|Any CPU
		{F8015B7C-FF8A-4A79-901E-C60D538ACE52}.Debug|x64.Build.0 = Debug|Any CPU
		{F8015B7C-FF8A-4A79-901E-C60D538ACE52}.Debug|x86.ActiveCfg = Debug|Any CPU
		{F8015B7C-FF8A-4A79-901E-C60D538ACE52}.Debug|x86.Build.0 = Debug|Any CPU
		{F8015B7C-FF8A-4A79-901E-C60D538ACE52}.Release|Any CPU.ActiveCfg = Release|Any CPU
		{F8015B7C-FF8A-4A79-901E-C60D538ACE52}.Release|Any CPU.Build.0 = Release|Any CPU
		{F8015B7C-FF8A-4A79-901E-C60D538ACE52}.Release|x64.ActiveCfg = Release|Any CPU
		{F8015B7C-FF8A-4A79-901E-C60D538ACE52}.Release|x64.Build.0 = Release|Any CPU
		{F8015B7C-FF8A-4A79-901E-C60D538ACE52}.Release|x86.ActiveCfg = Release|Any CPU
		{F8015B7C-FF8A-4A79-901E-C60D538ACE52}.Release|x86.Build.0 = Release|Any CPU
		{A01F715E-864E-45F5-9BF2-43CC4CE4A1AC}.Debug|Any CPU.ActiveCfg = Debug|Any CPU
		{A01F715E-864E-45F5-9BF2-43CC4CE4A1AC}.Debug|Any CPU.Build.0 = Debug|Any CPU
		{A01F715E-864E-45F5-9BF2-43CC4CE4A1AC}.Debug|x64.ActiveCfg = Debug|Any CPU
		{A01F715E-864E-45F5-9BF2-43CC4CE4A1AC}.Debug|x64.Build.0 = Debug|Any CPU
		{A01F715E-864E-45F5-9BF2-43CC4CE4A1AC}.Debug|x86.ActiveCfg = Debug|Any CPU
		{A01F715E-864E-45F5-9BF2-43CC4CE4A1AC}.Debug|x86.Build.0 = Debug|Any CPU
		{A01F715E-864E-45F5-9BF2-43CC4CE4A1AC}.Release|Any CPU.ActiveCfg = Release|Any CPU
		{A01F715E-864E-45F5-9BF2-43CC4CE4A1AC}.Release|Any CPU.Build.0 = Release|Any CPU
		{A01F715E-864E-45F5-9BF2-43CC4CE4A1AC}.Release|x64.ActiveCfg = Release|Any CPU
		{A01F715E-864E-45F5-9BF2-43CC4CE4A1AC}.Release|x64.Build.0 = Release|Any CPU
		{A01F715E-864E-45F5-9BF2-43CC4CE4A1AC}.Release|x86.ActiveCfg = Release|Any CPU
		{A01F715E-864E-45F5-9BF2-43CC4CE4A1AC}.Release|x86.Build.0 = Release|Any CPU
		{AF283A4D-0C76-4696-B6F4-2FB32EE363D0}.Debug|Any CPU.ActiveCfg = Debug|Any CPU
		{AF283A4D-0C76-4696-B6F4-2FB32EE363D0}.Debug|Any CPU.Build.0 = Debug|Any CPU
		{AF283A4D-0C76-4696-B6F4-2FB32EE363D0}.Debug|x64.ActiveCfg = Debug|Any CPU
		{AF283A4D-0C76-4696-B6F4-2FB32EE363D0}.Debug|x64.Build.0 = Debug|Any CPU
		{AF283A4D-0C76-4696-B6F4-2FB32EE363D0}.Debug|x86.ActiveCfg = Debug|Any CPU
		{AF283A4D-0C76-4696-B6F4-2FB32EE363D0}.Debug|x86.Build.0 = Debug|Any CPU
		{AF283A4D-0C76-4696-B6F4-2FB32EE363D0}.Release|Any CPU.ActiveCfg = Release|Any CPU
		{AF283A4D-0C76-4696-B6F4-2FB32EE363D0}.Release|Any CPU.Build.0 = Release|Any CPU
		{AF283A4D-0C76-4696-B6F4-2FB32EE363D0}.Release|x64.ActiveCfg = Release|Any CPU
		{AF283A4D-0C76-4696-B6F4-2FB32EE363D0}.Release|x64.Build.0 = Release|Any CPU
		{AF283A4D-0C76-4696-B6F4-2FB32EE363D0}.Release|x86.ActiveCfg = Release|Any CPU
		{AF283A4D-0C76-4696-B6F4-2FB32EE363D0}.Release|x86.Build.0 = Release|Any CPU
		{CDF413D6-2BF8-4FB1-A3CF-AB0A93EDAE98}.Debug|Any CPU.ActiveCfg = Debug|Any CPU
		{CDF413D6-2BF8-4FB1-A3CF-AB0A93EDAE98}.Debug|Any CPU.Build.0 = Debug|Any CPU
		{CDF413D6-2BF8-4FB1-A3CF-AB0A93EDAE98}.Debug|x64.ActiveCfg = Debug|Any CPU
		{CDF413D6-2BF8-4FB1-A3CF-AB0A93EDAE98}.Debug|x64.Build.0 = Debug|Any CPU
		{CDF413D6-2BF8-4FB1-A3CF-AB0A93EDAE98}.Debug|x86.ActiveCfg = Debug|Any CPU
		{CDF413D6-2BF8-4FB1-A3CF-AB0A93EDAE98}.Debug|x86.Build.0 = Debug|Any CPU
		{CDF413D6-2BF8-4FB1-A3CF-AB0A93EDAE98}.Release|Any CPU.ActiveCfg = Release|Any CPU
		{CDF413D6-2BF8-4FB1-A3CF-AB0A93EDAE98}.Release|Any CPU.Build.0 = Release|Any CPU
		{CDF413D6-2BF8-4FB1-A3CF-AB0A93EDAE98}.Release|x64.ActiveCfg = Release|Any CPU
		{CDF413D6-2BF8-4FB1-A3CF-AB0A93EDAE98}.Release|x64.Build.0 = Release|Any CPU
		{CDF413D6-2BF8-4FB1-A3CF-AB0A93EDAE98}.Release|x86.ActiveCfg = Release|Any CPU
		{CDF413D6-2BF8-4FB1-A3CF-AB0A93EDAE98}.Release|x86.Build.0 = Release|Any CPU
		{DBEA21C0-E253-4420-8A29-7A97F8079E6E}.Debug|Any CPU.ActiveCfg = Debug|Any CPU
		{DBEA21C0-E253-4420-8A29-7A97F8079E6E}.Debug|Any CPU.Build.0 = Debug|Any CPU
		{DBEA21C0-E253-4420-8A29-7A97F8079E6E}.Debug|x64.ActiveCfg = Debug|Any CPU
		{DBEA21C0-E253-4420-8A29-7A97F8079E6E}.Debug|x64.Build.0 = Debug|Any CPU
		{DBEA21C0-E253-4420-8A29-7A97F8079E6E}.Debug|x86.ActiveCfg = Debug|Any CPU
		{DBEA21C0-E253-4420-8A29-7A97F8079E6E}.Debug|x86.Build.0 = Debug|Any CPU
		{DBEA21C0-E253-4420-8A29-7A97F8079E6E}.Release|Any CPU.ActiveCfg = Release|Any CPU
		{DBEA21C0-E253-4420-8A29-7A97F8079E6E}.Release|Any CPU.Build.0 = Release|Any CPU
		{DBEA21C0-E253-4420-8A29-7A97F8079E6E}.Release|x64.ActiveCfg = Release|Any CPU
		{DBEA21C0-E253-4420-8A29-7A97F8079E6E}.Release|x64.Build.0 = Release|Any CPU
		{DBEA21C0-E253-4420-8A29-7A97F8079E6E}.Release|x86.ActiveCfg = Release|Any CPU
		{DBEA21C0-E253-4420-8A29-7A97F8079E6E}.Release|x86.Build.0 = Release|Any CPU
		{8762E9FE-D9CA-4F1A-8138-D5B39667C831}.Debug|Any CPU.ActiveCfg = Debug|Any CPU
		{8762E9FE-D9CA-4F1A-8138-D5B39667C831}.Debug|Any CPU.Build.0 = Debug|Any CPU
		{8762E9FE-D9CA-4F1A-8138-D5B39667C831}.Debug|x64.ActiveCfg = Debug|Any CPU
		{8762E9FE-D9CA-4F1A-8138-D5B39667C831}.Debug|x64.Build.0 = Debug|Any CPU
		{8762E9FE-D9CA-4F1A-8138-D5B39667C831}.Debug|x86.ActiveCfg = Debug|Any CPU
		{8762E9FE-D9CA-4F1A-8138-D5B39667C831}.Debug|x86.Build.0 = Debug|Any CPU
		{8762E9FE-D9CA-4F1A-8138-D5B39667C831}.Release|Any CPU.ActiveCfg = Release|Any CPU
		{8762E9FE-D9CA-4F1A-8138-D5B39667C831}.Release|Any CPU.Build.0 = Release|Any CPU
		{8762E9FE-D9CA-4F1A-8138-D5B39667C831}.Release|x64.ActiveCfg = Release|Any CPU
		{8762E9FE-D9CA-4F1A-8138-D5B39667C831}.Release|x64.Build.0 = Release|Any CPU
		{8762E9FE-D9CA-4F1A-8138-D5B39667C831}.Release|x86.ActiveCfg = Release|Any CPU
		{8762E9FE-D9CA-4F1A-8138-D5B39667C831}.Release|x86.Build.0 = Release|Any CPU
		{CAF1A573-E2CF-4016-9507-BA84D574C53E}.Debug|Any CPU.ActiveCfg = Debug|Any CPU
		{CAF1A573-E2CF-4016-9507-BA84D574C53E}.Debug|Any CPU.Build.0 = Debug|Any CPU
		{CAF1A573-E2CF-4016-9507-BA84D574C53E}.Debug|x64.ActiveCfg = Debug|Any CPU
		{CAF1A573-E2CF-4016-9507-BA84D574C53E}.Debug|x64.Build.0 = Debug|Any CPU
		{CAF1A573-E2CF-4016-9507-BA84D574C53E}.Debug|x86.ActiveCfg = Debug|Any CPU
		{CAF1A573-E2CF-4016-9507-BA84D574C53E}.Debug|x86.Build.0 = Debug|Any CPU
		{CAF1A573-E2CF-4016-9507-BA84D574C53E}.Release|Any CPU.ActiveCfg = Release|Any CPU
		{CAF1A573-E2CF-4016-9507-BA84D574C53E}.Release|Any CPU.Build.0 = Release|Any CPU
		{CAF1A573-E2CF-4016-9507-BA84D574C53E}.Release|x64.ActiveCfg = Release|Any CPU
		{CAF1A573-E2CF-4016-9507-BA84D574C53E}.Release|x64.Build.0 = Release|Any CPU
		{CAF1A573-E2CF-4016-9507-BA84D574C53E}.Release|x86.ActiveCfg = Release|Any CPU
		{CAF1A573-E2CF-4016-9507-BA84D574C53E}.Release|x86.Build.0 = Release|Any CPU
		{26EDC52F-9D7F-465B-BF7F-81D0DEBF29EC}.Debug|Any CPU.ActiveCfg = Debug|Any CPU
		{26EDC52F-9D7F-465B-BF7F-81D0DEBF29EC}.Debug|Any CPU.Build.0 = Debug|Any CPU
		{26EDC52F-9D7F-465B-BF7F-81D0DEBF29EC}.Debug|x64.ActiveCfg = Debug|Any CPU
		{26EDC52F-9D7F-465B-BF7F-81D0DEBF29EC}.Debug|x64.Build.0 = Debug|Any CPU
		{26EDC52F-9D7F-465B-BF7F-81D0DEBF29EC}.Debug|x86.ActiveCfg = Debug|Any CPU
		{26EDC52F-9D7F-465B-BF7F-81D0DEBF29EC}.Debug|x86.Build.0 = Debug|Any CPU
		{26EDC52F-9D7F-465B-BF7F-81D0DEBF29EC}.Release|Any CPU.ActiveCfg = Release|Any CPU
		{26EDC52F-9D7F-465B-BF7F-81D0DEBF29EC}.Release|Any CPU.Build.0 = Release|Any CPU
		{26EDC52F-9D7F-465B-BF7F-81D0DEBF29EC}.Release|x64.ActiveCfg = Release|Any CPU
		{26EDC52F-9D7F-465B-BF7F-81D0DEBF29EC}.Release|x64.Build.0 = Release|Any CPU
		{26EDC52F-9D7F-465B-BF7F-81D0DEBF29EC}.Release|x86.ActiveCfg = Release|Any CPU
		{26EDC52F-9D7F-465B-BF7F-81D0DEBF29EC}.Release|x86.Build.0 = Release|Any CPU
		{A58FD1F2-B612-4D86-B819-194B52B63FF7}.Debug|Any CPU.ActiveCfg = Debug|Any CPU
		{A58FD1F2-B612-4D86-B819-194B52B63FF7}.Debug|Any CPU.Build.0 = Debug|Any CPU
		{A58FD1F2-B612-4D86-B819-194B52B63FF7}.Debug|x64.ActiveCfg = Debug|Any CPU
		{A58FD1F2-B612-4D86-B819-194B52B63FF7}.Debug|x64.Build.0 = Debug|Any CPU
		{A58FD1F2-B612-4D86-B819-194B52B63FF7}.Debug|x86.ActiveCfg = Debug|Any CPU
		{A58FD1F2-B612-4D86-B819-194B52B63FF7}.Debug|x86.Build.0 = Debug|Any CPU
		{A58FD1F2-B612-4D86-B819-194B52B63FF7}.Release|Any CPU.ActiveCfg = Release|Any CPU
		{A58FD1F2-B612-4D86-B819-194B52B63FF7}.Release|Any CPU.Build.0 = Release|Any CPU
		{A58FD1F2-B612-4D86-B819-194B52B63FF7}.Release|x64.ActiveCfg = Release|Any CPU
		{A58FD1F2-B612-4D86-B819-194B52B63FF7}.Release|x64.Build.0 = Release|Any CPU
		{A58FD1F2-B612-4D86-B819-194B52B63FF7}.Release|x86.ActiveCfg = Release|Any CPU
		{A58FD1F2-B612-4D86-B819-194B52B63FF7}.Release|x86.Build.0 = Release|Any CPU
		{76691838-8FB9-4E61-8401-0B865984B683}.Debug|Any CPU.ActiveCfg = Debug|Any CPU
		{76691838-8FB9-4E61-8401-0B865984B683}.Debug|Any CPU.Build.0 = Debug|Any CPU
		{76691838-8FB9-4E61-8401-0B865984B683}.Debug|x64.ActiveCfg = Debug|Any CPU
		{76691838-8FB9-4E61-8401-0B865984B683}.Debug|x64.Build.0 = Debug|Any CPU
		{76691838-8FB9-4E61-8401-0B865984B683}.Debug|x86.ActiveCfg = Debug|Any CPU
		{76691838-8FB9-4E61-8401-0B865984B683}.Debug|x86.Build.0 = Debug|Any CPU
		{76691838-8FB9-4E61-8401-0B865984B683}.Release|Any CPU.ActiveCfg = Release|Any CPU
		{76691838-8FB9-4E61-8401-0B865984B683}.Release|Any CPU.Build.0 = Release|Any CPU
		{76691838-8FB9-4E61-8401-0B865984B683}.Release|x64.ActiveCfg = Release|Any CPU
		{76691838-8FB9-4E61-8401-0B865984B683}.Release|x64.Build.0 = Release|Any CPU
		{76691838-8FB9-4E61-8401-0B865984B683}.Release|x86.ActiveCfg = Release|Any CPU
		{76691838-8FB9-4E61-8401-0B865984B683}.Release|x86.Build.0 = Release|Any CPU
		{8060EC47-3F2D-4552-98B0-E4766450C4C0}.Debug|Any CPU.ActiveCfg = Debug|Any CPU
		{8060EC47-3F2D-4552-98B0-E4766450C4C0}.Debug|Any CPU.Build.0 = Debug|Any CPU
		{8060EC47-3F2D-4552-98B0-E4766450C4C0}.Debug|x64.ActiveCfg = Debug|Any CPU
		{8060EC47-3F2D-4552-98B0-E4766450C4C0}.Debug|x64.Build.0 = Debug|Any CPU
		{8060EC47-3F2D-4552-98B0-E4766450C4C0}.Debug|x86.ActiveCfg = Debug|Any CPU
		{8060EC47-3F2D-4552-98B0-E4766450C4C0}.Debug|x86.Build.0 = Debug|Any CPU
		{8060EC47-3F2D-4552-98B0-E4766450C4C0}.Release|Any CPU.ActiveCfg = Release|Any CPU
		{8060EC47-3F2D-4552-98B0-E4766450C4C0}.Release|Any CPU.Build.0 = Release|Any CPU
		{8060EC47-3F2D-4552-98B0-E4766450C4C0}.Release|x64.ActiveCfg = Release|Any CPU
		{8060EC47-3F2D-4552-98B0-E4766450C4C0}.Release|x64.Build.0 = Release|Any CPU
		{8060EC47-3F2D-4552-98B0-E4766450C4C0}.Release|x86.ActiveCfg = Release|Any CPU
		{8060EC47-3F2D-4552-98B0-E4766450C4C0}.Release|x86.Build.0 = Release|Any CPU
		{C66E910D-A819-4E3C-8F7F-B0E232EE24F3}.Debug|Any CPU.ActiveCfg = Debug|Any CPU
		{C66E910D-A819-4E3C-8F7F-B0E232EE24F3}.Debug|Any CPU.Build.0 = Debug|Any CPU
		{C66E910D-A819-4E3C-8F7F-B0E232EE24F3}.Debug|x64.ActiveCfg = Debug|Any CPU
		{C66E910D-A819-4E3C-8F7F-B0E232EE24F3}.Debug|x64.Build.0 = Debug|Any CPU
		{C66E910D-A819-4E3C-8F7F-B0E232EE24F3}.Debug|x86.ActiveCfg = Debug|Any CPU
		{C66E910D-A819-4E3C-8F7F-B0E232EE24F3}.Debug|x86.Build.0 = Debug|Any CPU
		{C66E910D-A819-4E3C-8F7F-B0E232EE24F3}.Release|Any CPU.ActiveCfg = Release|Any CPU
		{C66E910D-A819-4E3C-8F7F-B0E232EE24F3}.Release|Any CPU.Build.0 = Release|Any CPU
		{C66E910D-A819-4E3C-8F7F-B0E232EE24F3}.Release|x64.ActiveCfg = Release|Any CPU
		{C66E910D-A819-4E3C-8F7F-B0E232EE24F3}.Release|x64.Build.0 = Release|Any CPU
		{C66E910D-A819-4E3C-8F7F-B0E232EE24F3}.Release|x86.ActiveCfg = Release|Any CPU
		{C66E910D-A819-4E3C-8F7F-B0E232EE24F3}.Release|x86.Build.0 = Release|Any CPU
		{F03A90BE-CF46-4D78-95F0-753B65F381E6}.Debug|Any CPU.ActiveCfg = Debug|Any CPU
		{F03A90BE-CF46-4D78-95F0-753B65F381E6}.Debug|Any CPU.Build.0 = Debug|Any CPU
		{F03A90BE-CF46-4D78-95F0-753B65F381E6}.Debug|x64.ActiveCfg = Debug|Any CPU
		{F03A90BE-CF46-4D78-95F0-753B65F381E6}.Debug|x64.Build.0 = Debug|Any CPU
		{F03A90BE-CF46-4D78-95F0-753B65F381E6}.Debug|x86.ActiveCfg = Debug|Any CPU
		{F03A90BE-CF46-4D78-95F0-753B65F381E6}.Debug|x86.Build.0 = Debug|Any CPU
		{F03A90BE-CF46-4D78-95F0-753B65F381E6}.Release|Any CPU.ActiveCfg = Release|Any CPU
		{F03A90BE-CF46-4D78-95F0-753B65F381E6}.Release|Any CPU.Build.0 = Release|Any CPU
		{F03A90BE-CF46-4D78-95F0-753B65F381E6}.Release|x64.ActiveCfg = Release|Any CPU
		{F03A90BE-CF46-4D78-95F0-753B65F381E6}.Release|x64.Build.0 = Release|Any CPU
		{F03A90BE-CF46-4D78-95F0-753B65F381E6}.Release|x86.ActiveCfg = Release|Any CPU
		{F03A90BE-CF46-4D78-95F0-753B65F381E6}.Release|x86.Build.0 = Release|Any CPU
		{4F3D083D-4EFD-4B48-B1A3-4C8983D7CA20}.Debug|Any CPU.ActiveCfg = Debug|Any CPU
		{4F3D083D-4EFD-4B48-B1A3-4C8983D7CA20}.Debug|Any CPU.Build.0 = Debug|Any CPU
		{4F3D083D-4EFD-4B48-B1A3-4C8983D7CA20}.Debug|x64.ActiveCfg = Debug|Any CPU
		{4F3D083D-4EFD-4B48-B1A3-4C8983D7CA20}.Debug|x64.Build.0 = Debug|Any CPU
		{4F3D083D-4EFD-4B48-B1A3-4C8983D7CA20}.Debug|x86.ActiveCfg = Debug|Any CPU
		{4F3D083D-4EFD-4B48-B1A3-4C8983D7CA20}.Debug|x86.Build.0 = Debug|Any CPU
		{4F3D083D-4EFD-4B48-B1A3-4C8983D7CA20}.Release|Any CPU.ActiveCfg = Release|Any CPU
		{4F3D083D-4EFD-4B48-B1A3-4C8983D7CA20}.Release|Any CPU.Build.0 = Release|Any CPU
		{4F3D083D-4EFD-4B48-B1A3-4C8983D7CA20}.Release|x64.ActiveCfg = Release|Any CPU
		{4F3D083D-4EFD-4B48-B1A3-4C8983D7CA20}.Release|x64.Build.0 = Release|Any CPU
		{4F3D083D-4EFD-4B48-B1A3-4C8983D7CA20}.Release|x86.ActiveCfg = Release|Any CPU
		{4F3D083D-4EFD-4B48-B1A3-4C8983D7CA20}.Release|x86.Build.0 = Release|Any CPU
		{129DC9FE-A20C-4E28-AEDF-92DEC872AE9F}.Debug|Any CPU.ActiveCfg = Debug|Any CPU
		{129DC9FE-A20C-4E28-AEDF-92DEC872AE9F}.Debug|Any CPU.Build.0 = Debug|Any CPU
		{129DC9FE-A20C-4E28-AEDF-92DEC872AE9F}.Debug|x64.ActiveCfg = Debug|Any CPU
		{129DC9FE-A20C-4E28-AEDF-92DEC872AE9F}.Debug|x64.Build.0 = Debug|Any CPU
		{129DC9FE-A20C-4E28-AEDF-92DEC872AE9F}.Debug|x86.ActiveCfg = Debug|Any CPU
		{129DC9FE-A20C-4E28-AEDF-92DEC872AE9F}.Debug|x86.Build.0 = Debug|Any CPU
		{129DC9FE-A20C-4E28-AEDF-92DEC872AE9F}.Release|Any CPU.ActiveCfg = Release|Any CPU
		{129DC9FE-A20C-4E28-AEDF-92DEC872AE9F}.Release|Any CPU.Build.0 = Release|Any CPU
		{129DC9FE-A20C-4E28-AEDF-92DEC872AE9F}.Release|x64.ActiveCfg = Release|Any CPU
		{129DC9FE-A20C-4E28-AEDF-92DEC872AE9F}.Release|x64.Build.0 = Release|Any CPU
		{129DC9FE-A20C-4E28-AEDF-92DEC872AE9F}.Release|x86.ActiveCfg = Release|Any CPU
		{129DC9FE-A20C-4E28-AEDF-92DEC872AE9F}.Release|x86.Build.0 = Release|Any CPU
		{C595A6BF-367F-4E21-97D7-5218B5A7890A}.Debug|Any CPU.ActiveCfg = Debug|Any CPU
		{C595A6BF-367F-4E21-97D7-5218B5A7890A}.Debug|Any CPU.Build.0 = Debug|Any CPU
		{C595A6BF-367F-4E21-97D7-5218B5A7890A}.Debug|x64.ActiveCfg = Debug|Any CPU
		{C595A6BF-367F-4E21-97D7-5218B5A7890A}.Debug|x64.Build.0 = Debug|Any CPU
		{C595A6BF-367F-4E21-97D7-5218B5A7890A}.Debug|x86.ActiveCfg = Debug|Any CPU
		{C595A6BF-367F-4E21-97D7-5218B5A7890A}.Debug|x86.Build.0 = Debug|Any CPU
		{C595A6BF-367F-4E21-97D7-5218B5A7890A}.Release|Any CPU.ActiveCfg = Release|Any CPU
		{C595A6BF-367F-4E21-97D7-5218B5A7890A}.Release|Any CPU.Build.0 = Release|Any CPU
		{C595A6BF-367F-4E21-97D7-5218B5A7890A}.Release|x64.ActiveCfg = Release|Any CPU
		{C595A6BF-367F-4E21-97D7-5218B5A7890A}.Release|x64.Build.0 = Release|Any CPU
		{C595A6BF-367F-4E21-97D7-5218B5A7890A}.Release|x86.ActiveCfg = Release|Any CPU
		{C595A6BF-367F-4E21-97D7-5218B5A7890A}.Release|x86.Build.0 = Release|Any CPU
		{D4C78FAE-2213-4840-B98A-26DAF72F5F87}.Debug|Any CPU.ActiveCfg = Debug|Any CPU
		{D4C78FAE-2213-4840-B98A-26DAF72F5F87}.Debug|Any CPU.Build.0 = Debug|Any CPU
		{D4C78FAE-2213-4840-B98A-26DAF72F5F87}.Debug|x64.ActiveCfg = Debug|Any CPU
		{D4C78FAE-2213-4840-B98A-26DAF72F5F87}.Debug|x64.Build.0 = Debug|Any CPU
		{D4C78FAE-2213-4840-B98A-26DAF72F5F87}.Debug|x86.ActiveCfg = Debug|Any CPU
		{D4C78FAE-2213-4840-B98A-26DAF72F5F87}.Debug|x86.Build.0 = Debug|Any CPU
		{D4C78FAE-2213-4840-B98A-26DAF72F5F87}.Release|Any CPU.ActiveCfg = Release|Any CPU
		{D4C78FAE-2213-4840-B98A-26DAF72F5F87}.Release|Any CPU.Build.0 = Release|Any CPU
		{D4C78FAE-2213-4840-B98A-26DAF72F5F87}.Release|x64.ActiveCfg = Release|Any CPU
		{D4C78FAE-2213-4840-B98A-26DAF72F5F87}.Release|x64.Build.0 = Release|Any CPU
		{D4C78FAE-2213-4840-B98A-26DAF72F5F87}.Release|x86.ActiveCfg = Release|Any CPU
		{D4C78FAE-2213-4840-B98A-26DAF72F5F87}.Release|x86.Build.0 = Release|Any CPU
		{16169055-2771-49CB-B927-24D4AE4865ED}.Debug|Any CPU.ActiveCfg = Debug|Any CPU
		{16169055-2771-49CB-B927-24D4AE4865ED}.Debug|Any CPU.Build.0 = Debug|Any CPU
		{16169055-2771-49CB-B927-24D4AE4865ED}.Debug|x64.ActiveCfg = Debug|Any CPU
		{16169055-2771-49CB-B927-24D4AE4865ED}.Debug|x64.Build.0 = Debug|Any CPU
		{16169055-2771-49CB-B927-24D4AE4865ED}.Debug|x86.ActiveCfg = Debug|Any CPU
		{16169055-2771-49CB-B927-24D4AE4865ED}.Debug|x86.Build.0 = Debug|Any CPU
		{16169055-2771-49CB-B927-24D4AE4865ED}.Release|Any CPU.ActiveCfg = Release|Any CPU
		{16169055-2771-49CB-B927-24D4AE4865ED}.Release|Any CPU.Build.0 = Release|Any CPU
		{16169055-2771-49CB-B927-24D4AE4865ED}.Release|x64.ActiveCfg = Release|Any CPU
		{16169055-2771-49CB-B927-24D4AE4865ED}.Release|x64.Build.0 = Release|Any CPU
		{16169055-2771-49CB-B927-24D4AE4865ED}.Release|x86.ActiveCfg = Release|Any CPU
		{16169055-2771-49CB-B927-24D4AE4865ED}.Release|x86.Build.0 = Release|Any CPU
		{E430BD8A-25C0-47DC-B827-DF13541AA590}.Debug|Any CPU.ActiveCfg = Debug|Any CPU
		{E430BD8A-25C0-47DC-B827-DF13541AA590}.Debug|Any CPU.Build.0 = Debug|Any CPU
		{E430BD8A-25C0-47DC-B827-DF13541AA590}.Debug|x64.ActiveCfg = Debug|Any CPU
		{E430BD8A-25C0-47DC-B827-DF13541AA590}.Debug|x64.Build.0 = Debug|Any CPU
		{E430BD8A-25C0-47DC-B827-DF13541AA590}.Debug|x86.ActiveCfg = Debug|Any CPU
		{E430BD8A-25C0-47DC-B827-DF13541AA590}.Debug|x86.Build.0 = Debug|Any CPU
		{E430BD8A-25C0-47DC-B827-DF13541AA590}.Release|Any CPU.ActiveCfg = Release|Any CPU
		{E430BD8A-25C0-47DC-B827-DF13541AA590}.Release|Any CPU.Build.0 = Release|Any CPU
		{E430BD8A-25C0-47DC-B827-DF13541AA590}.Release|x64.ActiveCfg = Release|Any CPU
		{E430BD8A-25C0-47DC-B827-DF13541AA590}.Release|x64.Build.0 = Release|Any CPU
		{E430BD8A-25C0-47DC-B827-DF13541AA590}.Release|x86.ActiveCfg = Release|Any CPU
		{E430BD8A-25C0-47DC-B827-DF13541AA590}.Release|x86.Build.0 = Release|Any CPU
		{A7B5638B-D555-489D-96AE-9F3542FC6D35}.Debug|Any CPU.ActiveCfg = Debug|Any CPU
		{A7B5638B-D555-489D-96AE-9F3542FC6D35}.Debug|Any CPU.Build.0 = Debug|Any CPU
		{A7B5638B-D555-489D-96AE-9F3542FC6D35}.Debug|x64.ActiveCfg = Debug|Any CPU
		{A7B5638B-D555-489D-96AE-9F3542FC6D35}.Debug|x64.Build.0 = Debug|Any CPU
		{A7B5638B-D555-489D-96AE-9F3542FC6D35}.Debug|x86.ActiveCfg = Debug|Any CPU
		{A7B5638B-D555-489D-96AE-9F3542FC6D35}.Debug|x86.Build.0 = Debug|Any CPU
		{A7B5638B-D555-489D-96AE-9F3542FC6D35}.Release|Any CPU.ActiveCfg = Release|Any CPU
		{A7B5638B-D555-489D-96AE-9F3542FC6D35}.Release|Any CPU.Build.0 = Release|Any CPU
		{A7B5638B-D555-489D-96AE-9F3542FC6D35}.Release|x64.ActiveCfg = Release|Any CPU
		{A7B5638B-D555-489D-96AE-9F3542FC6D35}.Release|x64.Build.0 = Release|Any CPU
		{A7B5638B-D555-489D-96AE-9F3542FC6D35}.Release|x86.ActiveCfg = Release|Any CPU
		{A7B5638B-D555-489D-96AE-9F3542FC6D35}.Release|x86.Build.0 = Release|Any CPU
		{7670AD51-6F27-4269-B4EE-B7794D8DD80B}.Debug|Any CPU.ActiveCfg = Debug|Any CPU
		{7670AD51-6F27-4269-B4EE-B7794D8DD80B}.Debug|Any CPU.Build.0 = Debug|Any CPU
		{7670AD51-6F27-4269-B4EE-B7794D8DD80B}.Debug|x64.ActiveCfg = Debug|Any CPU
		{7670AD51-6F27-4269-B4EE-B7794D8DD80B}.Debug|x64.Build.0 = Debug|Any CPU
		{7670AD51-6F27-4269-B4EE-B7794D8DD80B}.Debug|x86.ActiveCfg = Debug|Any CPU
		{7670AD51-6F27-4269-B4EE-B7794D8DD80B}.Debug|x86.Build.0 = Debug|Any CPU
		{7670AD51-6F27-4269-B4EE-B7794D8DD80B}.Release|Any CPU.ActiveCfg = Release|Any CPU
		{7670AD51-6F27-4269-B4EE-B7794D8DD80B}.Release|Any CPU.Build.0 = Release|Any CPU
		{7670AD51-6F27-4269-B4EE-B7794D8DD80B}.Release|x64.ActiveCfg = Release|Any CPU
		{7670AD51-6F27-4269-B4EE-B7794D8DD80B}.Release|x64.Build.0 = Release|Any CPU
		{7670AD51-6F27-4269-B4EE-B7794D8DD80B}.Release|x86.ActiveCfg = Release|Any CPU
		{7670AD51-6F27-4269-B4EE-B7794D8DD80B}.Release|x86.Build.0 = Release|Any CPU
		{B6092692-FB9C-4C2E-AE74-5E06D87CDE7F}.Debug|Any CPU.ActiveCfg = Debug|Any CPU
		{B6092692-FB9C-4C2E-AE74-5E06D87CDE7F}.Debug|Any CPU.Build.0 = Debug|Any CPU
		{B6092692-FB9C-4C2E-AE74-5E06D87CDE7F}.Debug|x64.ActiveCfg = Debug|Any CPU
		{B6092692-FB9C-4C2E-AE74-5E06D87CDE7F}.Debug|x64.Build.0 = Debug|Any CPU
		{B6092692-FB9C-4C2E-AE74-5E06D87CDE7F}.Debug|x86.ActiveCfg = Debug|Any CPU
		{B6092692-FB9C-4C2E-AE74-5E06D87CDE7F}.Debug|x86.Build.0 = Debug|Any CPU
		{B6092692-FB9C-4C2E-AE74-5E06D87CDE7F}.Release|Any CPU.ActiveCfg = Release|Any CPU
		{B6092692-FB9C-4C2E-AE74-5E06D87CDE7F}.Release|Any CPU.Build.0 = Release|Any CPU
		{B6092692-FB9C-4C2E-AE74-5E06D87CDE7F}.Release|x64.ActiveCfg = Release|Any CPU
		{B6092692-FB9C-4C2E-AE74-5E06D87CDE7F}.Release|x64.Build.0 = Release|Any CPU
		{B6092692-FB9C-4C2E-AE74-5E06D87CDE7F}.Release|x86.ActiveCfg = Release|Any CPU
		{B6092692-FB9C-4C2E-AE74-5E06D87CDE7F}.Release|x86.Build.0 = Release|Any CPU
		{5C7160A0-C007-4471-ADB9-0CB0FF6085A1}.Debug|Any CPU.ActiveCfg = Debug|Any CPU
		{5C7160A0-C007-4471-ADB9-0CB0FF6085A1}.Debug|Any CPU.Build.0 = Debug|Any CPU
		{5C7160A0-C007-4471-ADB9-0CB0FF6085A1}.Debug|x64.ActiveCfg = Debug|Any CPU
		{5C7160A0-C007-4471-ADB9-0CB0FF6085A1}.Debug|x64.Build.0 = Debug|Any CPU
		{5C7160A0-C007-4471-ADB9-0CB0FF6085A1}.Debug|x86.ActiveCfg = Debug|Any CPU
		{5C7160A0-C007-4471-ADB9-0CB0FF6085A1}.Debug|x86.Build.0 = Debug|Any CPU
		{5C7160A0-C007-4471-ADB9-0CB0FF6085A1}.Release|Any CPU.ActiveCfg = Release|Any CPU
		{5C7160A0-C007-4471-ADB9-0CB0FF6085A1}.Release|Any CPU.Build.0 = Release|Any CPU
		{5C7160A0-C007-4471-ADB9-0CB0FF6085A1}.Release|x64.ActiveCfg = Release|Any CPU
		{5C7160A0-C007-4471-ADB9-0CB0FF6085A1}.Release|x64.Build.0 = Release|Any CPU
		{5C7160A0-C007-4471-ADB9-0CB0FF6085A1}.Release|x86.ActiveCfg = Release|Any CPU
		{5C7160A0-C007-4471-ADB9-0CB0FF6085A1}.Release|x86.Build.0 = Release|Any CPU
		{90CD22DF-8DD4-416B-BC91-F9014BAF8FB0}.Debug|Any CPU.ActiveCfg = Debug|Any CPU
		{90CD22DF-8DD4-416B-BC91-F9014BAF8FB0}.Debug|Any CPU.Build.0 = Debug|Any CPU
		{90CD22DF-8DD4-416B-BC91-F9014BAF8FB0}.Debug|x64.ActiveCfg = Debug|Any CPU
		{90CD22DF-8DD4-416B-BC91-F9014BAF8FB0}.Debug|x64.Build.0 = Debug|Any CPU
		{90CD22DF-8DD4-416B-BC91-F9014BAF8FB0}.Debug|x86.ActiveCfg = Debug|Any CPU
		{90CD22DF-8DD4-416B-BC91-F9014BAF8FB0}.Debug|x86.Build.0 = Debug|Any CPU
		{90CD22DF-8DD4-416B-BC91-F9014BAF8FB0}.Release|Any CPU.ActiveCfg = Release|Any CPU
		{90CD22DF-8DD4-416B-BC91-F9014BAF8FB0}.Release|Any CPU.Build.0 = Release|Any CPU
		{90CD22DF-8DD4-416B-BC91-F9014BAF8FB0}.Release|x64.ActiveCfg = Release|Any CPU
		{90CD22DF-8DD4-416B-BC91-F9014BAF8FB0}.Release|x64.Build.0 = Release|Any CPU
		{90CD22DF-8DD4-416B-BC91-F9014BAF8FB0}.Release|x86.ActiveCfg = Release|Any CPU
		{90CD22DF-8DD4-416B-BC91-F9014BAF8FB0}.Release|x86.Build.0 = Release|Any CPU
		{82F8D465-A093-4FC7-B406-755B96A2CACC}.Debug|Any CPU.ActiveCfg = Debug|Any CPU
		{82F8D465-A093-4FC7-B406-755B96A2CACC}.Debug|Any CPU.Build.0 = Debug|Any CPU
		{82F8D465-A093-4FC7-B406-755B96A2CACC}.Debug|x64.ActiveCfg = Debug|Any CPU
		{82F8D465-A093-4FC7-B406-755B96A2CACC}.Debug|x64.Build.0 = Debug|Any CPU
		{82F8D465-A093-4FC7-B406-755B96A2CACC}.Debug|x86.ActiveCfg = Debug|Any CPU
		{82F8D465-A093-4FC7-B406-755B96A2CACC}.Debug|x86.Build.0 = Debug|Any CPU
		{82F8D465-A093-4FC7-B406-755B96A2CACC}.Release|Any CPU.ActiveCfg = Release|Any CPU
		{82F8D465-A093-4FC7-B406-755B96A2CACC}.Release|Any CPU.Build.0 = Release|Any CPU
		{82F8D465-A093-4FC7-B406-755B96A2CACC}.Release|x64.ActiveCfg = Release|Any CPU
		{82F8D465-A093-4FC7-B406-755B96A2CACC}.Release|x64.Build.0 = Release|Any CPU
		{82F8D465-A093-4FC7-B406-755B96A2CACC}.Release|x86.ActiveCfg = Release|Any CPU
		{82F8D465-A093-4FC7-B406-755B96A2CACC}.Release|x86.Build.0 = Release|Any CPU
		{E950E17F-DBE7-4B43-A093-8BECDCBC9CCB}.Debug|Any CPU.ActiveCfg = Debug|Any CPU
		{E950E17F-DBE7-4B43-A093-8BECDCBC9CCB}.Debug|Any CPU.Build.0 = Debug|Any CPU
		{E950E17F-DBE7-4B43-A093-8BECDCBC9CCB}.Debug|x64.ActiveCfg = Debug|Any CPU
		{E950E17F-DBE7-4B43-A093-8BECDCBC9CCB}.Debug|x64.Build.0 = Debug|Any CPU
		{E950E17F-DBE7-4B43-A093-8BECDCBC9CCB}.Debug|x86.ActiveCfg = Debug|Any CPU
		{E950E17F-DBE7-4B43-A093-8BECDCBC9CCB}.Debug|x86.Build.0 = Debug|Any CPU
		{E950E17F-DBE7-4B43-A093-8BECDCBC9CCB}.Release|Any CPU.ActiveCfg = Release|Any CPU
		{E950E17F-DBE7-4B43-A093-8BECDCBC9CCB}.Release|Any CPU.Build.0 = Release|Any CPU
		{E950E17F-DBE7-4B43-A093-8BECDCBC9CCB}.Release|x64.ActiveCfg = Release|Any CPU
		{E950E17F-DBE7-4B43-A093-8BECDCBC9CCB}.Release|x64.Build.0 = Release|Any CPU
		{E950E17F-DBE7-4B43-A093-8BECDCBC9CCB}.Release|x86.ActiveCfg = Release|Any CPU
		{E950E17F-DBE7-4B43-A093-8BECDCBC9CCB}.Release|x86.Build.0 = Release|Any CPU
		{21F782DE-F6D7-44D3-9EB4-64B16C4C85A1}.Debug|Any CPU.ActiveCfg = Debug|Any CPU
		{21F782DE-F6D7-44D3-9EB4-64B16C4C85A1}.Debug|Any CPU.Build.0 = Debug|Any CPU
		{21F782DE-F6D7-44D3-9EB4-64B16C4C85A1}.Debug|x64.ActiveCfg = Debug|Any CPU
		{21F782DE-F6D7-44D3-9EB4-64B16C4C85A1}.Debug|x64.Build.0 = Debug|Any CPU
		{21F782DE-F6D7-44D3-9EB4-64B16C4C85A1}.Debug|x86.ActiveCfg = Debug|Any CPU
		{21F782DE-F6D7-44D3-9EB4-64B16C4C85A1}.Debug|x86.Build.0 = Debug|Any CPU
		{21F782DE-F6D7-44D3-9EB4-64B16C4C85A1}.Release|Any CPU.ActiveCfg = Release|Any CPU
		{21F782DE-F6D7-44D3-9EB4-64B16C4C85A1}.Release|Any CPU.Build.0 = Release|Any CPU
		{21F782DE-F6D7-44D3-9EB4-64B16C4C85A1}.Release|x64.ActiveCfg = Release|Any CPU
		{21F782DE-F6D7-44D3-9EB4-64B16C4C85A1}.Release|x64.Build.0 = Release|Any CPU
		{21F782DE-F6D7-44D3-9EB4-64B16C4C85A1}.Release|x86.ActiveCfg = Release|Any CPU
		{21F782DE-F6D7-44D3-9EB4-64B16C4C85A1}.Release|x86.Build.0 = Release|Any CPU
		{F4B3684F-81DF-4540-A791-2FC496D394F8}.Debug|Any CPU.ActiveCfg = Debug|Any CPU
		{F4B3684F-81DF-4540-A791-2FC496D394F8}.Debug|Any CPU.Build.0 = Debug|Any CPU
		{F4B3684F-81DF-4540-A791-2FC496D394F8}.Debug|x64.ActiveCfg = Debug|Any CPU
		{F4B3684F-81DF-4540-A791-2FC496D394F8}.Debug|x64.Build.0 = Debug|Any CPU
		{F4B3684F-81DF-4540-A791-2FC496D394F8}.Debug|x86.ActiveCfg = Debug|Any CPU
		{F4B3684F-81DF-4540-A791-2FC496D394F8}.Debug|x86.Build.0 = Debug|Any CPU
		{F4B3684F-81DF-4540-A791-2FC496D394F8}.Release|Any CPU.ActiveCfg = Release|Any CPU
		{F4B3684F-81DF-4540-A791-2FC496D394F8}.Release|Any CPU.Build.0 = Release|Any CPU
		{F4B3684F-81DF-4540-A791-2FC496D394F8}.Release|x64.ActiveCfg = Release|Any CPU
		{F4B3684F-81DF-4540-A791-2FC496D394F8}.Release|x64.Build.0 = Release|Any CPU
		{F4B3684F-81DF-4540-A791-2FC496D394F8}.Release|x86.ActiveCfg = Release|Any CPU
		{F4B3684F-81DF-4540-A791-2FC496D394F8}.Release|x86.Build.0 = Release|Any CPU
	EndGlobalSection
EndGlobal
